
Microsoft Visual Studio Solution File, Format Version 12.00
# Visual Studio 15
VisualStudioVersion = 15.0.28307.329
MinimumVisualStudioVersion = 10.0.40219.1
Project("{FAE04EC0-301F-11D3-BF4B-00C04F79EFBC}") = "GraphLib", "GraphLib\GraphLib.csproj", "{C7B9EB77-3D69-4689-996A-65B015B4DC5C}"
EndProject
Project("{FAE04EC0-301F-11D3-BF4B-00C04F79EFBC}") = "GraphTests", "GraphTests\GraphTests.csproj", "{95433065-D7C4-48CB-B570-590ABEE99E31}"
EndProject
Global
	GlobalSection(SolutionConfigurationPlatforms) = preSolution
		Debug|Any CPU = Debug|Any CPU
		Release|Any CPU = Release|Any CPU
	EndGlobalSection
	GlobalSection(ProjectConfigurationPlatforms) = postSolution
		{C7B9EB77-3D69-4689-996A-65B015B4DC5C}.Debug|Any CPU.ActiveCfg = Debug|Any CPU
		{C7B9EB77-3D69-4689-996A-65B015B4DC5C}.Debug|Any CPU.Build.0 = Debug|Any CPU
		{C7B9EB77-3D69-4689-996A-65B015B4DC5C}.Release|Any CPU.ActiveCfg = Release|Any CPU
		{C7B9EB77-3D69-4689-996A-65B015B4DC5C}.Release|Any CPU.Build.0 = Release|Any CPU
		{95433065-D7C4-48CB-B570-590ABEE99E31}.Debug|Any CPU.ActiveCfg = Debug|Any CPU
		{95433065-D7C4-48CB-B570-590ABEE99E31}.Debug|Any CPU.Build.0 = Debug|Any CPU
		{95433065-D7C4-48CB-B570-590ABEE99E31}.Release|Any CPU.ActiveCfg = Release|Any CPU
		{95433065-D7C4-48CB-B570-590ABEE99E31}.Release|Any CPU.Build.0 = Release|Any CPU
	EndGlobalSection
	GlobalSection(SolutionProperties) = preSolution
		HideSolutionNode = FALSE
	EndGlobalSection
	GlobalSection(ExtensibilityGlobals) = postSolution
		SolutionGuid = {7B2AE857-EF45-4724-9F5F-824D8F8732F0}
	EndGlobalSection
EndGlobal
